// !$*UTF8*$!
{
	archiveVersion = 1;
	classes = {
	};
	objectVersion = 50;
	objects = {

/* Begin PBXBuildFile section */
		8160672D245163BB0022780F /* AppDelegate.swift in Sources */ = {isa = PBXBuildFile; fileRef = 8160672C245163BB0022780F /* AppDelegate.swift */; };
		8160672F245163BB0022780F /* SceneDelegate.swift in Sources */ = {isa = PBXBuildFile; fileRef = 8160672E245163BB0022780F /* SceneDelegate.swift */; };
		81606731245163BB0022780F /* ViewController.swift in Sources */ = {isa = PBXBuildFile; fileRef = 81606730245163BB0022780F /* ViewController.swift */; };
		81606734245163BB0022780F /* Main.storyboard in Resources */ = {isa = PBXBuildFile; fileRef = 81606732245163BB0022780F /* Main.storyboard */; };
		81606736245163C00022780F /* Assets.xcassets in Resources */ = {isa = PBXBuildFile; fileRef = 81606735245163C00022780F /* Assets.xcassets */; };
		81606739245163C00022780F /* LaunchScreen.storyboard in Resources */ = {isa = PBXBuildFile; fileRef = 81606737245163C00022780F /* LaunchScreen.storyboard */; };
		81606741245163D10022780F /* SwiftNotification.swift in Sources */ = {isa = PBXBuildFile; fileRef = 81606740245163D10022780F /* SwiftNotification.swift */; };
		8160674324516CF30022780F /* PushViewController.swift in Sources */ = {isa = PBXBuildFile; fileRef = 8160674224516CF30022780F /* PushViewController.swift */; };
/* End PBXBuildFile section */

/* Begin PBXFileReference section */
		81606729245163BB0022780F /* SwiftNotification.app */ = {isa = PBXFileReference; explicitFileType = wrapper.application; includeInIndex = 0; path = SwiftNotification.app; sourceTree = BUILT_PRODUCTS_DIR; };
		8160672C245163BB0022780F /* AppDelegate.swift */ = {isa = PBXFileReference; lastKnownFileType = sourcecode.swift; path = AppDelegate.swift; sourceTree = "<group>"; };
		8160672E245163BB0022780F /* SceneDelegate.swift */ = {isa = PBXFileReference; lastKnownFileType = sourcecode.swift; path = SceneDelegate.swift; sourceTree = "<group>"; };
		81606730245163BB0022780F /* ViewController.swift */ = {isa = PBXFileReference; lastKnownFileType = sourcecode.swift; path = ViewController.swift; sourceTree = "<group>"; };
		81606733245163BB0022780F /* Base */ = {isa = PBXFileReference; lastKnownFileType = file.storyboard; name = Base; path = Base.lproj/Main.storyboard; sourceTree = "<group>"; };
		81606735245163C00022780F /* Assets.xcassets */ = {isa = PBXFileReference; lastKnownFileType = folder.assetcatalog; path = Assets.xcassets; sourceTree = "<group>"; };
		81606738245163C00022780F /* Base */ = {isa = PBXFileReference; lastKnownFileType = file.storyboard; name = Base; path = Base.lproj/LaunchScreen.storyboard; sourceTree = "<group>"; };
		8160673A245163C00022780F /* Info.plist */ = {isa = PBXFileReference; lastKnownFileType = text.plist.xml; path = Info.plist; sourceTree = "<group>"; };
		81606740245163D10022780F /* SwiftNotification.swift */ = {isa = PBXFileReference; lastKnownFileType = sourcecode.swift; path = SwiftNotification.swift; sourceTree = "<group>"; };
		8160674224516CF30022780F /* PushViewController.swift */ = {isa = PBXFileReference; lastKnownFileType = sourcecode.swift; path = PushViewController.swift; sourceTree = "<group>"; };
/* End PBXFileReference section */

/* Begin PBXFrameworksBuildPhase section */
		81606726245163BB0022780F /* Frameworks */ = {
			isa = PBXFrameworksBuildPhase;
			buildActionMask = 2147483647;
			files = (
			);
			runOnlyForDeploymentPostprocessing = 0;
		};
/* End PBXFrameworksBuildPhase section */

/* Begin PBXGroup section */
		81606720245163BB0022780F = {
			isa = PBXGroup;
			children = (
				8160672B245163BB0022780F /* SwiftNotification */,
				8160672A245163BB0022780F /* Products */,
			);
			sourceTree = "<group>";
		};
		8160672A245163BB0022780F /* Products */ = {
			isa = PBXGroup;
			children = (
				81606729245163BB0022780F /* SwiftNotification.app */,
			);
			name = Products;
			sourceTree = "<group>";
		};
		8160672B245163BB0022780F /* SwiftNotification */ = {
			isa = PBXGroup;
			children = (
				8160672C245163BB0022780F /* AppDelegate.swift */,
				8160672E245163BB0022780F /* SceneDelegate.swift */,
				81606730245163BB0022780F /* ViewController.swift */,
				8160674224516CF30022780F /* PushViewController.swift */,
				81606740245163D10022780F /* SwiftNotification.swift */,
				81606732245163BB0022780F /* Main.storyboard */,
				81606735245163C00022780F /* Assets.xcassets */,
				81606737245163C00022780F /* LaunchScreen.storyboard */,
				8160673A245163C00022780F /* Info.plist */,
			);
			path = SwiftNotification;
			sourceTree = "<group>";
		};
/* End PBXGroup section */

/* Begin PBXNativeTarget section */
		81606728245163BB0022780F /* SwiftNotification */ = {
			isa = PBXNativeTarget;
			buildConfigurationList = 8160673D245163C00022780F /* Build configuration list for PBXNativeTarget "SwiftNotification" */;
			buildPhases = (
				81606725245163BB0022780F /* Sources */,
				81606726245163BB0022780F /* Frameworks */,
				81606727245163BB0022780F /* Resources */,
			);
			buildRules = (
			);
			dependencies = (
			);
			name = SwiftNotification;
			productName = SwiftNotification;
			productReference = 81606729245163BB0022780F /* SwiftNotification.app */;
			productType = "com.apple.product-type.application";
		};
/* End PBXNativeTarget section */

/* Begin PBXProject section */
		81606721245163BB0022780F /* Project object */ = {
			isa = PBXProject;
			attributes = {
				LastSwiftUpdateCheck = 1140;
				LastUpgradeCheck = 1140;
				ORGANIZATIONNAME = iOS;
				TargetAttributes = {
					81606728245163BB0022780F = {
						CreatedOnToolsVersion = 11.4.1;
					};
				};
			};
			buildConfigurationList = 81606724245163BB0022780F /* Build configuration list for PBXProject "SwiftNotification" */;
			compatibilityVersion = "Xcode 9.3";
			developmentRegion = en;
			hasScannedForEncodings = 0;
			knownRegions = (
				en,
				Base,
			);
			mainGroup = 81606720245163BB0022780F;
			productRefGroup = 8160672A245163BB0022780F /* Products */;
			projectDirPath = "";
			projectRoot = "";
			targets = (
				81606728245163BB0022780F /* SwiftNotification */,
			);
		};
/* End PBXProject section */

/* Begin PBXResourcesBuildPhase section */
		81606727245163BB0022780F /* Resources */ = {
			isa = PBXResourcesBuildPhase;
			buildActionMask = 2147483647;
			files = (
				81606739245163C00022780F /* LaunchScreen.storyboard in Resources */,
				81606736245163C00022780F /* Assets.xcassets in Resources */,
				81606734245163BB0022780F /* Main.storyboard in Resources */,
			);
			runOnlyForDeploymentPostprocessing = 0;
		};
/* End PBXResourcesBuildPhase section */

/* Begin PBXSourcesBuildPhase section */
		81606725245163BB0022780F /* Sources */ = {
			isa = PBXSourcesBuildPhase;
			buildActionMask = 2147483647;
			files = (
				81606731245163BB0022780F /* ViewController.swift in Sources */,
				8160672D245163BB0022780F /* AppDelegate.swift in Sources */,
				81606741245163D10022780F /* SwiftNotification.swift in Sources */,
				8160674324516CF30022780F /* PushViewController.swift in Sources */,
				8160672F245163BB0022780F /* SceneDelegate.swift in Sources */,
			);
			runOnlyForDeploymentPostprocessing = 0;
		};
/* End PBXSourcesBuildPhase section */

/* Begin PBXVariantGroup section */
		81606732245163BB0022780F /* Main.storyboard */ = {
			isa = PBXVariantGroup;
			children = (
				81606733245163BB0022780F /* Base */,
			);
			name = Main.storyboard;
			sourceTree = "<group>";
		};
		81606737245163C00022780F /* LaunchScreen.storyboard */ = {
			isa = PBXVariantGroup;
			children = (
				81606738245163C00022780F /* Base */,
			);
			name = LaunchScreen.storyboard;
			sourceTree = "<group>";
		};
/* End PBXVariantGroup section */

/* Begin XCBuildConfiguration section */
		8160673B245163C00022780F /* Debug */ = {
			isa = XCBuildConfiguration;
			buildSettings = {
				ALWAYS_SEARCH_USER_PATHS = NO;
				CLANG_ANALYZER_NONNULL = YES;
				CLANG_ANALYZER_NUMBER_OBJECT_CONVERSION = YES_AGGRESSIVE;
				CLANG_CXX_LANGUAGE_STANDARD = "gnu++14";
				CLANG_CXX_LIBRARY = "libc++";
				CLANG_ENABLE_MODULES = YES;
				CLANG_ENABLE_OBJC_ARC = YES;
				CLANG_ENABLE_OBJC_WEAK = YES;
				CLANG_WARN_BLOCK_CAPTURE_AUTORELEASING = YES;
				CLANG_WARN_BOOL_CONVERSION = YES;
				CLANG_WARN_COMMA = YES;
				CLANG_WARN_CONSTANT_CONVERSION = YES;
				CLANG_WARN_DEPRECATED_OBJC_IMPLEMENTATIONS = YES;
				CLANG_WARN_DIRECT_OBJC_ISA_USAGE = YES_ERROR;
				CLANG_WARN_DOCUMENTATION_COMMENTS = YES;
				CLANG_WARN_EMPTY_BODY = YES;
				CLANG_WARN_ENUM_CONVERSION = YES;
				CLANG_WARN_INFINITE_RECURSION = YES;
				CLANG_WARN_INT_CONVERSION = YES;
				CLANG_WARN_NON_LITERAL_NULL_CONVERSION = YES;
				CLANG_WARN_OBJC_IMPLICIT_RETAIN_SELF = YES;
				CLANG_WARN_OBJC_LITERAL_CONVERSION = YES;
				CLANG_WARN_OBJC_ROOT_CLASS = YES_ERROR;
				CLANG_WARN_RANGE_LOOP_ANALYSIS = YES;
				CLANG_WARN_STRICT_PROTOTYPES = YES;
				CLANG_WARN_SUSPICIOUS_MOVE = YES;
				CLANG_WARN_UNGUARDED_AVAILABILITY = YES_AGGRESSIVE;
				CLANG_WARN_UNREACHABLE_CODE = YES;
				CLANG_WARN__DUPLICATE_METHOD_MATCH = YES;
				COPY_PHASE_STRIP = NO;
				DEBUG_INFORMATION_FORMAT = dwarf;
				ENABLE_STRICT_OBJC_MSGSEND = YES;
				ENABLE_TESTABILITY = YES;
				GCC_C_LANGUAGE_STANDARD = gnu11;
				GCC_DYNAMIC_NO_PIC = NO;
				GCC_NO_COMMON_BLOCKS = YES;
				GCC_OPTIMIZATION_LEVEL = 0;
				GCC_PREPROCESSOR_DEFINITIONS = (
					"DEBUG=1",
					"$(inherited)",
				);
				GCC_WARN_64_TO_32_BIT_CONVERSION = YES;
				GCC_WARN_ABOUT_RETURN_TYPE = YES_ERROR;
				GCC_WARN_UNDECLARED_SELECTOR = YES;
				GCC_WARN_UNINITIALIZED_AUTOS = YES_AGGRESSIVE;
				GCC_WARN_UNUSED_FUNCTION = YES;
				GCC_WARN_UNUSED_VARIABLE = YES;
				IPHONEOS_DEPLOYMENT_TARGET = 13.4;
				MTL_ENABLE_DEBUG_INFO = INCLUDE_SOURCE;
				MTL_FAST_MATH = YES;
				ONLY_ACTIVE_ARCH = YES;
				SDKROOT = iphoneos;
				SWIFT_ACTIVE_COMPILATION_CONDITIONS = DEBUG;
				SWIFT_OPTIMIZATION_LEVEL = "-Onone";
			};
			name = Debug;
		};
		8160673C245163C00022780F /* Release */ = {
			isa = XCBuildConfiguration;
			buildSettings = {
				ALWAYS_SEARCH_USER_PATHS = NO;
				CLANG_ANALYZER_NONNULL = YES;
				CLANG_ANALYZER_NUMBER_OBJECT_CONVERSION = YES_AGGRESSIVE;
				CLANG_CXX_LANGUAGE_STANDARD = "gnu++14";
				CLANG_CXX_LIBRARY = "libc++";
				CLANG_ENABLE_MODULES = YES;
				CLANG_ENABLE_OBJC_ARC = YES;
				CLANG_ENABLE_OBJC_WEAK = YES;
				CLANG_WARN_BLOCK_CAPTURE_AUTORELEASING = YES;
				CLANG_WARN_BOOL_CONVERSION = YES;
				CLANG_WARN_COMMA = YES;
				CLANG_WARN_CONSTANT_CONVERSION = YES;
				CLANG_WARN_DEPRECATED_OBJC_IMPLEMENTATIONS = YES;
				CLANG_WARN_DIRECT_OBJC_ISA_USAGE = YES_ERROR;
				CLANG_WARN_DOCUMENTATION_COMMENTS = YES;
				CLANG_WARN_EMPTY_BODY = YES;
				CLANG_WARN_ENUM_CONVERSION = YES;
				CLANG_WARN_INFINITE_RECURSION = YES;
				CLANG_WARN_INT_CONVERSION = YES;
				CLANG_WARN_NON_LITERAL_NULL_CONVERSION = YES;
				CLANG_WARN_OBJC_IMPLICIT_RETAIN_SELF = YES;
				CLANG_WARN_OBJC_LITERAL_CONVERSION = YES;
				CLANG_WARN_OBJC_ROOT_CLASS = YES_ERROR;
				CLANG_WARN_RANGE_LOOP_ANALYSIS = YES;
				CLANG_WARN_STRICT_PROTOTYPES = YES;
				CLANG_WARN_SUSPICIOUS_MOVE = YES;
				CLANG_WARN_UNGUARDED_AVAILABILITY = YES_AGGRESSIVE;
				CLANG_WARN_UNREACHABLE_CODE = YES;
				CLANG_WARN__DUPLICATE_METHOD_MATCH = YES;
				COPY_PHASE_STRIP = NO;
				DEBUG_INFORMATION_FORMAT = "dwarf-with-dsym";
				ENABLE_NS_ASSERTIONS = NO;
				ENABLE_STRICT_OBJC_MSGSEND = YES;
				GCC_C_LANGUAGE_STANDARD = gnu11;
				GCC_NO_COMMON_BLOCKS = YES;
				GCC_WARN_64_TO_32_BIT_CONVERSION = YES;
				GCC_WARN_ABOUT_RETURN_TYPE = YES_ERROR;
				GCC_WARN_UNDECLARED_SELECTOR = YES;
				GCC_WARN_UNINITIALIZED_AUTOS = YES_AGGRESSIVE;
				GCC_WARN_UNUSED_FUNCTION = YES;
				GCC_WARN_UNUSED_VARIABLE = YES;
				IPHONEOS_DEPLOYMENT_TARGET = 13.4;
				MTL_ENABLE_DEBUG_INFO = NO;
				MTL_FAST_MATH = YES;
				SDKROOT = iphoneos;
				SWIFT_COMPILATION_MODE = wholemodule;
				SWIFT_OPTIMIZATION_LEVEL = "-O";
				VALIDATE_PRODUCT = YES;
			};
			name = Release;
		};
		8160673E245163C00022780F /* Debug */ = {
			isa = XCBuildConfiguration;
			buildSettings = {
				ASSETCATALOG_COMPILER_APPICON_NAME = AppIcon;
				CODE_SIGN_STYLE = Automatic;
				DEVELOPMENT_TEAM = 5VKELUV868;
				INFOPLIST_FILE = SwiftNotification/Info.plist;
				IPHONEOS_DEPLOYMENT_TARGET = 9.0;
				LD_RUNPATH_SEARCH_PATHS = (
					"$(inherited)",
					"@executable_path/Frameworks",
				);
				PRODUCT_BUNDLE_IDENTIFIER = com.36kr.PupilGuard.SwiftNotification;
				PRODUCT_NAME = "$(TARGET_NAME)";
				SWIFT_VERSION = 5.0;
				TARGETED_DEVICE_FAMILY = "1,2";
			};
			name = Debug;
		};
		8160673F245163C00022780F /* Release */ = {
			isa = XCBuildConfiguration;
			buildSettings = {
				ASSETCATALOG_COMPILER_APPICON_NAME = AppIcon;
				CODE_SIGN_STYLE = Automatic;
				DEVELOPMENT_TEAM = 5VKELUV868;
				INFOPLIST_FILE = SwiftNotification/Info.plist;
				IPHONEOS_DEPLOYMENT_TARGET = 9.0;
				LD_RUNPATH_SEARCH_PATHS = (
					"$(inherited)",
					"@executable_path/Frameworks",
				);
				PRODUCT_BUNDLE_IDENTIFIER = com.36kr.PupilGuard.SwiftNotification;
				PRODUCT_NAME = "$(TARGET_NAME)";
				SWIFT_VERSION = 5.0;
				TARGETED_DEVICE_FAMILY = "1,2";
			};
			name = Release;
		};
/* End XCBuildConfiguration section */

/* Begin XCConfigurationList section */
		81606724245163BB0022780F /* Build configuration list for PBXProject "SwiftNotification" */ = {
			isa = XCConfigurationList;
			buildConfigurations = (
				8160673B245163C00022780F /* Debug */,
				8160673C245163C00022780F /* Release */,
			);
			defaultConfigurationIsVisible = 0;
			defaultConfigurationName = Release;
		};
		8160673D245163C00022780F /* Build configuration list for PBXNativeTarget "SwiftNotification" */ = {
			isa = XCConfigurationList;
			buildConfigurations = (
				8160673E245163C00022780F /* Debug */,
				8160673F245163C00022780F /* Release */,
			);
			defaultConfigurationIsVisible = 0;
			defaultConfigurationName = Release;
		};
/* End XCConfigurationList section */
	};
	rootObject = 81606721245163BB0022780F /* Project object */;
}
